<?xml version="1.0" encoding="utf-8"?>
<Project ToolsVersion="4.0" xmlns="http://schemas.microsoft.com/developer/msbuild/2003">
  <ItemGroup>
    <ClCompile Include="Core\Display.cpp" />
    <ClCompile Include="Core\EngineCore.cpp" />
    <ClCompile Include="Core\States\GameState.cpp" />
    <ClCompile Include="Entities\Entity.cpp" />
    <ClCompile Include="Entities\Models\Material.cpp" />
    <ClCompile Include="Entities\Models\Mesh.cpp" />
    <ClCompile Include="Entities\Models\Model.cpp" />
    <ClCompile Include="Loaders\MTLLoader.cpp" />
    <ClCompile Include="Loaders\ObjLoader.cpp" />
    <ClCompile Include="main.cpp" />
    <ClCompile Include="Core\States\StateManager.cpp" />
    <ClCompile Include="Core\States\State.cpp" />
  </ItemGroup>
  <ItemGroup>
    <ClInclude Include="Core\Config.h" />
    <ClInclude Include="Core\Display.h" />
    <ClInclude Include="Core\EngineCore.h" />
    <ClInclude Include="Core\States\GameState.h" />
    <ClInclude Include="Entities\Entity.h" />
    <ClInclude Include="Entities\Models\Material.h" />
    <ClInclude Include="Entities\Models\Mesh.h" />
    <ClInclude Include="Entities\Models\Model.h" />
    <ClInclude Include="Loaders\MTLLoader.h" />
    <ClInclude Include="Loaders\ObjLoader.h" />
    <ClInclude Include="Core\States\State.h" />
    <ClInclude Include="Core\States\StateManager.h" />
  </ItemGroup>
  <ItemGroup>
    <None Include="Resources\Models\Cube\Cube.mtl" />
  </ItemGroup>
</Project>